
Microsoft Visual Studio Solution File, Format Version 12.00
# Visual Studio Version 16
VisualStudioVersion = 16.0.32630.194
MinimumVisualStudioVersion = 10.0.40219.1
Project("{FAE04EC0-301F-11D3-BF4B-00C04F79EFBC}") = "2022WITSFirstYearFinalAssignment", "2022WITSFirstYearFinalAssignment.csproj", "{2D19B521-38B8-413B-8520-0D9B08047C4A}"
EndProject
Global
	GlobalSection(SolutionConfigurationPlatforms) = preSolution
		Debug|Any CPU = Debug|Any CPU
		Release|Any CPU = Release|Any CPU
	EndGlobalSection
	GlobalSection(ProjectConfigurationPlatforms) = postSolution
		{2D19B521-38B8-413B-8520-0D9B08047C4A}.Debug|Any CPU.ActiveCfg = Debug|Any CPU
		{2D19B521-38B8-413B-8520-0D9B08047C4A}.Debug|Any CPU.Build.0 = Debug|Any CPU
		{2D19B521-38B8-413B-8520-0D9B08047C4A}.Release|Any CPU.ActiveCfg = Release|Any CPU
		{2D19B521-38B8-413B-8520-0D9B08047C4A}.Release|Any CPU.Build.0 = Release|Any CPU
	EndGlobalSection
	GlobalSection(SolutionProperties) = preSolution
		HideSolutionNode = FALSE
	EndGlobalSection
	GlobalSection(ExtensibilityGlobals) = postSolution
		SolutionGuid = {5A2D2CCE-3263-4029-BB35-947D5733F2F5}
	EndGlobalSection
EndGlobal
